// !$*UTF8*$!
{
	archiveVersion = 1;
	classes = {
	};
	objectVersion = 46;
	objects = {

/* Begin PBXBuildFile section */
		DAAF7884197E165D00D82D64 /* Foundation.framework in Frameworks */ = {isa = PBXBuildFile; fileRef = DAAF7883197E165D00D82D64 /* Foundation.framework */; };
		DAAF7886197E165D00D82D64 /* CoreGraphics.framework in Frameworks */ = {isa = PBXBuildFile; fileRef = DAAF7885197E165D00D82D64 /* CoreGraphics.framework */; };
		DAAF7888197E165D00D82D64 /* UIKit.framework in Frameworks */ = {isa = PBXBuildFile; fileRef = DAAF7887197E165D00D82D64 /* UIKit.framework */; };
		DAAF7890197E165D00D82D64 /* main.m in Sources */ = {isa = PBXBuildFile; fileRef = DAAF788F197E165D00D82D64 /* main.m */; };
		DAAF7894197E165D00D82D64 /* AppDelegate.m in Sources */ = {isa = PBXBuildFile; fileRef = DAAF7893197E165D00D82D64 /* AppDelegate.m */; };
		DAAF789A197E165D00D82D64 /* MasterViewController.m in Sources */ = {isa = PBXBuildFile; fileRef = DAAF7899197E165D00D82D64 /* MasterViewController.m */; };
		DAAF789D197E165D00D82D64 /* DetailViewController.m in Sources */ = {isa = PBXBuildFile; fileRef = DAAF789C197E165D00D82D64 /* DetailViewController.m */; };
		DAAF789F197E165D00D82D64 /* Images.xcassets in Resources */ = {isa = PBXBuildFile; fileRef = DAAF789E197E165D00D82D64 /* Images.xcassets */; };
/* End PBXBuildFile section */

/* Begin PBXFileReference section */
		DAAF7880197E165D00D82D64 /* ActionTest.app */ = {isa = PBXFileReference; explicitFileType = wrapper.application; includeInIndex = 0; path = ActionTest.app; sourceTree = BUILT_PRODUCTS_DIR; };
		DAAF7883197E165D00D82D64 /* Foundation.framework */ = {isa = PBXFileReference; lastKnownFileType = wrapper.framework; name = Foundation.framework; path = System/Library/Frameworks/Foundation.framework; sourceTree = SDKROOT; };
		DAAF7885197E165D00D82D64 /* CoreGraphics.framework */ = {isa = PBXFileReference; lastKnownFileType = wrapper.framework; name = CoreGraphics.framework; path = System/Library/Frameworks/CoreGraphics.framework; sourceTree = SDKROOT; };
		DAAF7887197E165D00D82D64 /* UIKit.framework */ = {isa = PBXFileReference; lastKnownFileType = wrapper.framework; name = UIKit.framework; path = System/Library/Frameworks/UIKit.framework; sourceTree = SDKROOT; };
		DAAF788B197E165D00D82D64 /* ActionTest-Info.plist */ = {isa = PBXFileReference; lastKnownFileType = text.plist.xml; path = "ActionTest-Info.plist"; sourceTree = "<group>"; };
		DAAF788F197E165D00D82D64 /* main.m */ = {isa = PBXFileReference; lastKnownFileType = sourcecode.c.objc; path = main.m; sourceTree = "<group>"; };
		DAAF7891197E165D00D82D64 /* ActionTest-Prefix.pch */ = {isa = PBXFileReference; lastKnownFileType = sourcecode.c.h; path = "ActionTest-Prefix.pch"; sourceTree = "<group>"; };
		DAAF7892197E165D00D82D64 /* AppDelegate.h */ = {isa = PBXFileReference; lastKnownFileType = sourcecode.c.h; path = AppDelegate.h; sourceTree = "<group>"; };
		DAAF7893197E165D00D82D64 /* AppDelegate.m */ = {isa = PBXFileReference; lastKnownFileType = sourcecode.c.objc; path = AppDelegate.m; sourceTree = "<group>"; };
		DAAF7898197E165D00D82D64 /* MasterViewController.h */ = {isa = PBXFileReference; lastKnownFileType = sourcecode.c.h; path = MasterViewController.h; sourceTree = "<group>"; };
		DAAF7899197E165D00D82D64 /* MasterViewController.m */ = {isa = PBXFileReference; lastKnownFileType = sourcecode.c.objc; path = MasterViewController.m; sourceTree = "<group>"; };
		DAAF789B197E165D00D82D64 /* DetailViewController.h */ = {isa = PBXFileReference; lastKnownFileType = sourcecode.c.h; path = DetailViewController.h; sourceTree = "<group>"; };
		DAAF789C197E165D00D82D64 /* DetailViewController.m */ = {isa = PBXFileReference; lastKnownFileType = sourcecode.c.objc; path = DetailViewController.m; sourceTree = "<group>"; };
		DAAF789E197E165D00D82D64 /* Images.xcassets */ = {isa = PBXFileReference; lastKnownFileType = folder.assetcatalog; path = Images.xcassets; sourceTree = "<group>"; };
		DAAF78A5197E165D00D82D64 /* XCTest.framework */ = {isa = PBXFileReference; lastKnownFileType = wrapper.framework; name = XCTest.framework; path = Library/Frameworks/XCTest.framework; sourceTree = DEVELOPER_DIR; };
/* End PBXFileReference section */

/* Begin PBXFrameworksBuildPhase section */
		DAAF787D197E165D00D82D64 /* Frameworks */ = {
			isa = PBXFrameworksBuildPhase;
			buildActionMask = 2147483647;
			files = (
				DAAF7886197E165D00D82D64 /* CoreGraphics.framework in Frameworks */,
				DAAF7888197E165D00D82D64 /* UIKit.framework in Frameworks */,
				DAAF7884197E165D00D82D64 /* Foundation.framework in Frameworks */,
			);
			runOnlyForDeploymentPostprocessing = 0;
		};
/* End PBXFrameworksBuildPhase section */

/* Begin PBXGroup section */
		DAAF7877197E165D00D82D64 = {
			isa = PBXGroup;
			children = (
				DAAF7889197E165D00D82D64 /* ActionTest */,
				DAAF7882197E165D00D82D64 /* Frameworks */,
				DAAF7881197E165D00D82D64 /* Products */,
			);
			sourceTree = "<group>";
		};
		DAAF7881197E165D00D82D64 /* Products */ = {
			isa = PBXGroup;
			children = (
				DAAF7880197E165D00D82D64 /* ActionTest.app */,
			);
			name = Products;
			sourceTree = "<group>";
		};
		DAAF7882197E165D00D82D64 /* Frameworks */ = {
			isa = PBXGroup;
			children = (
				DAAF7883197E165D00D82D64 /* Foundation.framework */,
				DAAF7885197E165D00D82D64 /* CoreGraphics.framework */,
				DAAF7887197E165D00D82D64 /* UIKit.framework */,
				DAAF78A5197E165D00D82D64 /* XCTest.framework */,
			);
			name = Frameworks;
			sourceTree = "<group>";
		};
		DAAF7889197E165D00D82D64 /* ActionTest */ = {
			isa = PBXGroup;
			children = (
				DAAF7892197E165D00D82D64 /* AppDelegate.h */,
				DAAF7893197E165D00D82D64 /* AppDelegate.m */,
				DAAF7898197E165D00D82D64 /* MasterViewController.h */,
				DAAF7899197E165D00D82D64 /* MasterViewController.m */,
				DAAF789B197E165D00D82D64 /* DetailViewController.h */,
				DAAF789C197E165D00D82D64 /* DetailViewController.m */,
				DAAF789E197E165D00D82D64 /* Images.xcassets */,
				DAAF788A197E165D00D82D64 /* Supporting Files */,
			);
			path = ActionTest;
			sourceTree = "<group>";
		};
		DAAF788A197E165D00D82D64 /* Supporting Files */ = {
			isa = PBXGroup;
			children = (
				DAAF788B197E165D00D82D64 /* ActionTest-Info.plist */,
				DAAF788F197E165D00D82D64 /* main.m */,
				DAAF7891197E165D00D82D64 /* ActionTest-Prefix.pch */,
			);
			name = "Supporting Files";
			sourceTree = "<group>";
		};
/* End PBXGroup section */

/* Begin PBXNativeTarget section */
		DAAF787F197E165D00D82D64 /* ActionTest */ = {
			isa = PBXNativeTarget;
			buildConfigurationList = DAAF78B5197E165D00D82D64 /* Build configuration list for PBXNativeTarget "ActionTest" */;
			buildPhases = (
				DAAF787C197E165D00D82D64 /* Sources */,
				DAAF787D197E165D00D82D64 /* Frameworks */,
				DAAF787E197E165D00D82D64 /* Resources */,
			);
			buildRules = (
			);
			dependencies = (
			);
			name = ActionTest;
			productName = ActionTest;
			productReference = DAAF7880197E165D00D82D64 /* ActionTest.app */;
			productType = "com.apple.product-type.application";
		};
/* End PBXNativeTarget section */

/* Begin PBXProject section */
		DAAF7878197E165D00D82D64 /* Project object */ = {
			isa = PBXProject;
			attributes = {
				LastUpgradeCheck = 0510;
				ORGANIZATIONNAME = "Techno-Magic";
			};
			buildConfigurationList = DAAF787B197E165D00D82D64 /* Build configuration list for PBXProject "ActionTest" */;
			compatibilityVersion = "Xcode 3.2";
			developmentRegion = English;
			hasScannedForEncodings = 0;
			knownRegions = (
				en,
				Base,
			);
			mainGroup = DAAF7877197E165D00D82D64;
			productRefGroup = DAAF7881197E165D00D82D64 /* Products */;
			projectDirPath = "";
			projectRoot = "";
			targets = (
				DAAF787F197E165D00D82D64 /* ActionTest */,
			);
		};
/* End PBXProject section */

/* Begin PBXResourcesBuildPhase section */
		DAAF787E197E165D00D82D64 /* Resources */ = {
			isa = PBXResourcesBuildPhase;
			buildActionMask = 2147483647;
			files = (
				DAAF789F197E165D00D82D64 /* Images.xcassets in Resources */,
			);
			runOnlyForDeploymentPostprocessing = 0;
		};
/* End PBXResourcesBuildPhase section */

/* Begin PBXSourcesBuildPhase section */
		DAAF787C197E165D00D82D64 /* Sources */ = {
			isa = PBXSourcesBuildPhase;
			buildActionMask = 2147483647;
			files = (
				DAAF7894197E165D00D82D64 /* AppDelegate.m in Sources */,
				DAAF789A197E165D00D82D64 /* MasterViewController.m in Sources */,
				DAAF7890197E165D00D82D64 /* main.m in Sources */,
				DAAF789D197E165D00D82D64 /* DetailViewController.m in Sources */,
			);
			runOnlyForDeploymentPostprocessing = 0;
		};
/* End PBXSourcesBuildPhase section */

/* Begin XCBuildConfiguration section */
		DAAF78B3197E165D00D82D64 /* Debug */ = {
			isa = XCBuildConfiguration;
			buildSettings = {
				ALWAYS_SEARCH_USER_PATHS = NO;
				CLANG_CXX_LANGUAGE_STANDARD = "gnu++0x";
				CLANG_CXX_LIBRARY = "libc++";
				CLANG_ENABLE_MODULES = YES;
				CLANG_ENABLE_OBJC_ARC = YES;
				CLANG_WARN_BOOL_CONVERSION = YES;
				CLANG_WARN_CONSTANT_CONVERSION = YES;
				CLANG_WARN_DIRECT_OBJC_ISA_USAGE = YES_ERROR;
				CLANG_WARN_EMPTY_BODY = YES;
				CLANG_WARN_ENUM_CONVERSION = YES;
				CLANG_WARN_INT_CONVERSION = YES;
				CLANG_WARN_OBJC_ROOT_CLASS = YES_ERROR;
				CLANG_WARN__DUPLICATE_METHOD_MATCH = YES;
				"CODE_SIGN_IDENTITY[sdk=iphoneos*]" = "iPhone Developer";
				COPY_PHASE_STRIP = NO;
				GCC_C_LANGUAGE_STANDARD = gnu99;
				GCC_DYNAMIC_NO_PIC = NO;
				GCC_OPTIMIZATION_LEVEL = 0;
				GCC_PREPROCESSOR_DEFINITIONS = (
					"DEBUG=1",
					"$(inherited)",
				);
				GCC_SYMBOLS_PRIVATE_EXTERN = NO;
				GCC_WARN_64_TO_32_BIT_CONVERSION = YES;
				GCC_WARN_ABOUT_RETURN_TYPE = YES_ERROR;
				GCC_WARN_UNDECLARED_SELECTOR = YES;
				GCC_WARN_UNINITIALIZED_AUTOS = YES_AGGRESSIVE;
				GCC_WARN_UNUSED_FUNCTION = YES;
				GCC_WARN_UNUSED_VARIABLE = YES;
				IPHONEOS_DEPLOYMENT_TARGET = 7.1;
				ONLY_ACTIVE_ARCH = YES;
				SDKROOT = iphoneos;
			};
			name = Debug;
		};
		DAAF78B4197E165D00D82D64 /* Release */ = {
			isa = XCBuildConfiguration;
			buildSettings = {
				ALWAYS_SEARCH_USER_PATHS = NO;
				CLANG_CXX_LANGUAGE_STANDARD = "gnu++0x";
				CLANG_CXX_LIBRARY = "libc++";
				CLANG_ENABLE_MODULES = YES;
				CLANG_ENABLE_OBJC_ARC = YES;
				CLANG_WARN_BOOL_CONVERSION = YES;
				CLANG_WARN_CONSTANT_CONVERSION = YES;
				CLANG_WARN_DIRECT_OBJC_ISA_USAGE = YES_ERROR;
				CLANG_WARN_EMPTY_BODY = YES;
				CLANG_WARN_ENUM_CONVERSION = YES;
				CLANG_WARN_INT_CONVERSION = YES;
				CLANG_WARN_OBJC_ROOT_CLASS = YES_ERROR;
				CLANG_WARN__DUPLICATE_METHOD_MATCH = YES;
				"CODE_SIGN_IDENTITY[sdk=iphoneos*]" = "iPhone Developer";
				COPY_PHASE_STRIP = YES;
				ENABLE_NS_ASSERTIONS = NO;
				GCC_C_LANGUAGE_STANDARD = gnu99;
				GCC_WARN_64_TO_32_BIT_CONVERSION = YES;
				GCC_WARN_ABOUT_RETURN_TYPE = YES_ERROR;
				GCC_WARN_UNDECLARED_SELECTOR = YES;
				GCC_WARN_UNINITIALIZED_AUTOS = YES_AGGRESSIVE;
				GCC_WARN_UNUSED_FUNCTION = YES;
				GCC_WARN_UNUSED_VARIABLE = YES;
				IPHONEOS_DEPLOYMENT_TARGET = 7.1;
				SDKROOT = iphoneos;
				VALIDATE_PRODUCT = YES;
			};
			name = Release;
		};
		DAAF78B6197E165D00D82D64 /* Debug */ = {
			isa = XCBuildConfiguration;
			buildSettings = {
				ASSETCATALOG_COMPILER_APPICON_NAME = AppIcon;
				ASSETCATALOG_COMPILER_LAUNCHIMAGE_NAME = LaunchImage;
				GCC_PRECOMPILE_PREFIX_HEADER = YES;
				GCC_PREFIX_HEADER = "ActionTest/ActionTest-Prefix.pch";
				INFOPLIST_FILE = "ActionTest/ActionTest-Info.plist";
				PRODUCT_NAME = "$(TARGET_NAME)";
				WRAPPER_EXTENSION = app;
			};
			name = Debug;
		};
		DAAF78B7197E165D00D82D64 /* Release */ = {
			isa = XCBuildConfiguration;
			buildSettings = {
				ASSETCATALOG_COMPILER_APPICON_NAME = AppIcon;
				ASSETCATALOG_COMPILER_LAUNCHIMAGE_NAME = LaunchImage;
				GCC_PRECOMPILE_PREFIX_HEADER = YES;
				GCC_PREFIX_HEADER = "ActionTest/ActionTest-Prefix.pch";
				INFOPLIST_FILE = "ActionTest/ActionTest-Info.plist";
				PRODUCT_NAME = "$(TARGET_NAME)";
				WRAPPER_EXTENSION = app;
			};
			name = Release;
		};
/* End XCBuildConfiguration section */

/* Begin XCConfigurationList section */
		DAAF787B197E165D00D82D64 /* Build configuration list for PBXProject "ActionTest" */ = {
			isa = XCConfigurationList;
			buildConfigurations = (
				DAAF78B3197E165D00D82D64 /* Debug */,
				DAAF78B4197E165D00D82D64 /* Release */,
			);
			defaultConfigurationIsVisible = 0;
			defaultConfigurationName = Release;
		};
		DAAF78B5197E165D00D82D64 /* Build configuration list for PBXNativeTarget "ActionTest" */ = {
			isa = XCConfigurationList;
			buildConfigurations = (
				DAAF78B6197E165D00D82D64 /* Debug */,
				DAAF78B7197E165D00D82D64 /* Release */,
			);
			defaultConfigurationIsVisible = 0;
		};
/* End XCConfigurationList section */
	};
	rootObject = DAAF7878197E165D00D82D64 /* Project object */;
}
